{
  "dependencies": {
    "twilio": {
      "version": "1.7.0",
      "dependencies": {
        "request": {
          "version": "2.27.0",
          "dependencies": {
            "qs": {
              "version": "0.6.6"
            },
            "json-stringify-safe": {
              "version": "5.0.1"
            },
            "forever-agent": {
              "version": "0.5.2"
            },
            "tunnel-agent": {
              "version": "0.3.0"
            },
            "http-signature": {
              "version": "0.10.1",
              "dependencies": {
                "assert-plus": {
                  "version": "0.1.5"
                },
                "asn1": {
                  "version": "0.1.11"
                },
                "ctype": {
                  "version": "0.5.3"
                }
              }
            },
            "hawk": {
              "version": "1.0.0",
              "dependencies": {
                "hoek": {
                  "version": "0.9.1"
                },
                "boom": {
                  "version": "0.4.2"
                },
                "cryptiles": {
                  "version": "0.2.2"
                },
                "sntp": {
                  "version": "0.2.4"
                }
              }
            },
            "aws-sign": {
              "version": "0.3.0"
            },
            "oauth-sign": {
              "version": "0.3.0"
            },
            "cookie-jar": {
              "version": "0.3.0"
            },
            "node-uuid": {
              "version": "1.4.3"
            },
            "mime": {
              "version": "1.2.11"
            },
            "form-data": {
              "version": "0.1.4",
              "dependencies": {
                "combined-stream": {
                  "version": "0.0.7",
                  "dependencies": {
                    "delayed-stream": {
                      "version": "0.0.5"
                    }
                  }
                },
                "async": {
                  "version": "0.9.2"
                }
              }
            }
          }
        },
        "underscore": {
          "version": "1.8.3"
        },
        "jwt-simple": {
          "version": "0.1.0"
        },
        "q": {
          "version": "0.9.7"
        },
        "scmp": {
          "version": "0.0.3"
        }
      }
    }
  }
}
